
Microsoft Visual Studio Solution File, Format Version 12.00
# Visual Studio 15
VisualStudioVersion = 15.0.27130.2010
MinimumVisualStudioVersion = 10.0.40219.1
Project("{9A19103F-16F7-4668-BE54-9A1E7A4F7556}") = "Rocket.Libraries.JoinBuilder", "src\Rocket.Libraries.JoinBuilder\Rocket.Libraries.JoinBuilder.csproj", "{6CF74483-4F44-42AC-AEDA-2FEF13C740B1}"
EndProject
Global
	GlobalSection(SolutionConfigurationPlatforms) = preSolution
		Debug|Any CPU = Debug|Any CPU
		Release|Any CPU = Release|Any CPU
	EndGlobalSection
	GlobalSection(ProjectConfigurationPlatforms) = postSolution
		{6CF74483-4F44-42AC-AEDA-2FEF13C740B1}.Debug|Any CPU.ActiveCfg = Debug|Any CPU
		{6CF74483-4F44-42AC-AEDA-2FEF13C740B1}.Debug|Any CPU.Build.0 = Debug|Any CPU
		{6CF74483-4F44-42AC-AEDA-2FEF13C740B1}.Release|Any CPU.ActiveCfg = Release|Any CPU
		{6CF74483-4F44-42AC-AEDA-2FEF13C740B1}.Release|Any CPU.Build.0 = Release|Any CPU
	EndGlobalSection
	GlobalSection(SolutionProperties) = preSolution
		HideSolutionNode = FALSE
	EndGlobalSection
	GlobalSection(ExtensibilityGlobals) = postSolution
		SolutionGuid = {B8601345-A496-4C7C-BF5D-653A423AEDAE}
	EndGlobalSection
EndGlobal
