
Microsoft Visual Studio Solution File, Format Version 12.00
# Visual Studio Version 16
VisualStudioVersion = 16.0.29424.173
MinimumVisualStudioVersion = 10.0.40219.1
Project("{9A19103F-16F7-4668-BE54-9A1E7A4F7556}") = "Rocket.Libraries.QBuilder", "src\Rocket.Libraries.QBuilder\Rocket.Libraries.QBuilder.csproj", "{1C6E3209-8F22-4BC0-B7B4-583250B9B15F}"
EndProject
Project("{9A19103F-16F7-4668-BE54-9A1E7A4F7556}") = "Rocket.Libraries.QuriousTests", "tests\Rocket.Libraries.QBuilder\Rocket.Libraries.QuriousTests.csproj", "{90C23BF7-C46F-4329-B541-B2294272DE91}"
EndProject
Global
	GlobalSection(SolutionConfigurationPlatforms) = preSolution
		Debug|Any CPU = Debug|Any CPU
		Release|Any CPU = Release|Any CPU
	EndGlobalSection
	GlobalSection(ProjectConfigurationPlatforms) = postSolution
		{1C6E3209-8F22-4BC0-B7B4-583250B9B15F}.Debug|Any CPU.ActiveCfg = Debug|Any CPU
		{1C6E3209-8F22-4BC0-B7B4-583250B9B15F}.Debug|Any CPU.Build.0 = Debug|Any CPU
		{1C6E3209-8F22-4BC0-B7B4-583250B9B15F}.Release|Any CPU.ActiveCfg = Release|Any CPU
		{1C6E3209-8F22-4BC0-B7B4-583250B9B15F}.Release|Any CPU.Build.0 = Release|Any CPU
		{90C23BF7-C46F-4329-B541-B2294272DE91}.Debug|Any CPU.ActiveCfg = Debug|Any CPU
		{90C23BF7-C46F-4329-B541-B2294272DE91}.Debug|Any CPU.Build.0 = Debug|Any CPU
		{90C23BF7-C46F-4329-B541-B2294272DE91}.Release|Any CPU.ActiveCfg = Release|Any CPU
		{90C23BF7-C46F-4329-B541-B2294272DE91}.Release|Any CPU.Build.0 = Release|Any CPU
	EndGlobalSection
	GlobalSection(SolutionProperties) = preSolution
		HideSolutionNode = FALSE
	EndGlobalSection
	GlobalSection(ExtensibilityGlobals) = postSolution
		SolutionGuid = {D6A5C4C4-E3F8-4B5B-821A-ED840778B1E0}
	EndGlobalSection
EndGlobal
